PODS:
  - Apollo (0.51.2):
    - Apollo/Core (= 0.51.2)
  - Apollo/Core (0.51.2)
  - DashX (1.0.9):
    - Apollo (~> 0.51.2)

DEPENDENCIES:
  - DashX

SPEC REPOS:
  trunk:
    - Apollo
    - DashX

SPEC CHECKSUMS:
  Apollo: e5bc805c3f3556c18edc4eae4e2ea4723cea2318
  DashX: 2ab3d37d477cab3173e215dac35417f9ad12d682

PODFILE CHECKSUM: 0e47ddd08e90343321830f5c7fad5f0eccdeef2b

COCOAPODS: 1.12.0
