PODS:
  - Alamofire (4.9.1)
  - Apollo (0.51.2):
    - Apollo/Core (= 0.51.2)
  - Apollo/Core (0.51.2)
  - DashX (1.0.2):
    - Alamofire (~> 4.7)
    - Apollo (~> 0.51.2)

DEPENDENCIES:
  - DashX

SPEC REPOS:
  trunk:
    - Alamofire
    - Apollo
    - DashX

SPEC CHECKSUMS:
  Alamofire: 85e8a02c69d6020a0d734f6054870d7ecb75cf18
  Apollo: e5bc805c3f3556c18edc4eae4e2ea4723cea2318
  DashX: 55c850245ff26915f79e64655b85d4ea922cb22d

PODFILE CHECKSUM: 7f073d4470cf6ec4b17a780658fb0ec646fb377b

COCOAPODS: 1.11.3
